
Microsoft Visual Studio Solution File, Format Version 12.00
# Visual Studio Version 16
VisualStudioVersion = 16.0.30225.117
MinimumVisualStudioVersion = 10.0.40219.1
Project("{9A19103F-16F7-4668-BE54-9A1E7A4F7556}") = "CustomPropertiesSample", "AspNetCoreDashboard\CustomPropertiesSample.csproj", "{98DF4738-80F0-42FE-9225-F8618916A6EF}"
EndProject
Global
	GlobalSection(SolutionConfigurationPlatforms) = preSolution
		Debug|Any CPU = Debug|Any CPU
		Release|Any CPU = Release|Any CPU
	EndGlobalSection
	GlobalSection(ProjectConfigurationPlatforms) = postSolution
		{98DF4738-80F0-42FE-9225-F8618916A6EF}.Debug|Any CPU.ActiveCfg = Debug|Any CPU
		{98DF4738-80F0-42FE-9225-F8618916A6EF}.Debug|Any CPU.Build.0 = Debug|Any CPU
		{98DF4738-80F0-42FE-9225-F8618916A6EF}.Release|Any CPU.ActiveCfg = Release|Any CPU
		{98DF4738-80F0-42FE-9225-F8618916A6EF}.Release|Any CPU.Build.0 = Release|Any CPU
	EndGlobalSection
	GlobalSection(SolutionProperties) = preSolution
		HideSolutionNode = FALSE
	EndGlobalSection
	GlobalSection(ExtensibilityGlobals) = postSolution
		SolutionGuid = {B6C8D937-5005-4DE9-9716-6CECE721B482}
	EndGlobalSection
EndGlobal
